// !$*UTF8*$!
{
	archiveVersion = 1;
	classes = {
	};
	objectVersion = 48;
	objects = {

/* Begin PBXBuildFile section */
		CB7B817225F8FADA07519CDA /* Pods_Snapchat.framework in Frameworks */ = {isa = PBXBuildFile; fileRef = 8BCC20EFE4D9FDE393881501 /* Pods_Snapchat.framework */; };
		DE90D8821FFEA4240031B8AE /* SnapsViewController.swift in Sources */ = {isa = PBXBuildFile; fileRef = DE90D8811FFEA4240031B8AE /* SnapsViewController.swift */; };
		DE90D8841FFEA6150031B8AE /* PictureViewController.swift in Sources */ = {isa = PBXBuildFile; fileRef = DE90D8831FFEA6150031B8AE /* PictureViewController.swift */; };
		DE90D8861FFEC8240031B8AE /* SelectUserViewController.swift in Sources */ = {isa = PBXBuildFile; fileRef = DE90D8851FFEC8240031B8AE /* SelectUserViewController.swift */; };
		DE90D8881FFED46F0031B8AE /* User.swift in Sources */ = {isa = PBXBuildFile; fileRef = DE90D8871FFED46F0031B8AE /* User.swift */; };
		DE90D88C200032A20031B8AE /* Snap.swift in Sources */ = {isa = PBXBuildFile; fileRef = DE90D88B200032A20031B8AE /* Snap.swift */; };
		DE9F487C200038D900753F32 /* ViewSnapViewController.swift in Sources */ = {isa = PBXBuildFile; fileRef = DE9F487B200038D900753F32 /* ViewSnapViewController.swift */; };
		DEB56CB81FFC1C22004B3804 /* AppDelegate.swift in Sources */ = {isa = PBXBuildFile; fileRef = DEB56CB71FFC1C22004B3804 /* AppDelegate.swift */; };
		DEB56CBA1FFC1C22004B3804 /* SignInViewController.swift in Sources */ = {isa = PBXBuildFile; fileRef = DEB56CB91FFC1C22004B3804 /* SignInViewController.swift */; };
		DEB56CBD1FFC1C22004B3804 /* Main.storyboard in Resources */ = {isa = PBXBuildFile; fileRef = DEB56CBB1FFC1C22004B3804 /* Main.storyboard */; };
		DEB56CBF1FFC1C22004B3804 /* Assets.xcassets in Resources */ = {isa = PBXBuildFile; fileRef = DEB56CBE1FFC1C22004B3804 /* Assets.xcassets */; };
		DEB56CC21FFC1C22004B3804 /* LaunchScreen.storyboard in Resources */ = {isa = PBXBuildFile; fileRef = DEB56CC01FFC1C22004B3804 /* LaunchScreen.storyboard */; };
		DEB56CCA1FFC1DBE004B3804 /* GoogleService-Info.plist in Resources */ = {isa = PBXBuildFile; fileRef = DEB56CC91FFC1DBD004B3804 /* GoogleService-Info.plist */; };
/* End PBXBuildFile section */

/* Begin PBXFileReference section */
		443E76938123F981DE862CF9 /* Pods-Snapchat.debug.xcconfig */ = {isa = PBXFileReference; includeInIndex = 1; lastKnownFileType = text.xcconfig; name = "Pods-Snapchat.debug.xcconfig"; path = "Pods/Target Support Files/Pods-Snapchat/Pods-Snapchat.debug.xcconfig"; sourceTree = "<group>"; };
		8BCC20EFE4D9FDE393881501 /* Pods_Snapchat.framework */ = {isa = PBXFileReference; explicitFileType = wrapper.framework; includeInIndex = 0; path = Pods_Snapchat.framework; sourceTree = BUILT_PRODUCTS_DIR; };
		DE90D8811FFEA4240031B8AE /* SnapsViewController.swift */ = {isa = PBXFileReference; lastKnownFileType = sourcecode.swift; path = SnapsViewController.swift; sourceTree = "<group>"; };
		DE90D8831FFEA6150031B8AE /* PictureViewController.swift */ = {isa = PBXFileReference; lastKnownFileType = sourcecode.swift; path = PictureViewController.swift; sourceTree = "<group>"; };
		DE90D8851FFEC8240031B8AE /* SelectUserViewController.swift */ = {isa = PBXFileReference; lastKnownFileType = sourcecode.swift; path = SelectUserViewController.swift; sourceTree = "<group>"; };
		DE90D8871FFED46F0031B8AE /* User.swift */ = {isa = PBXFileReference; lastKnownFileType = sourcecode.swift; path = User.swift; sourceTree = "<group>"; };
		DE90D88B200032A20031B8AE /* Snap.swift */ = {isa = PBXFileReference; lastKnownFileType = sourcecode.swift; path = Snap.swift; sourceTree = "<group>"; };
		DE9F487B200038D900753F32 /* ViewSnapViewController.swift */ = {isa = PBXFileReference; lastKnownFileType = sourcecode.swift; path = ViewSnapViewController.swift; sourceTree = "<group>"; };
		DEB56CB41FFC1C21004B3804 /* Snapchat.app */ = {isa = PBXFileReference; explicitFileType = wrapper.application; includeInIndex = 0; path = Snapchat.app; sourceTree = BUILT_PRODUCTS_DIR; };
		DEB56CB71FFC1C22004B3804 /* AppDelegate.swift */ = {isa = PBXFileReference; lastKnownFileType = sourcecode.swift; path = AppDelegate.swift; sourceTree = "<group>"; };
		DEB56CB91FFC1C22004B3804 /* SignInViewController.swift */ = {isa = PBXFileReference; lastKnownFileType = sourcecode.swift; path = SignInViewController.swift; sourceTree = "<group>"; };
		DEB56CBC1FFC1C22004B3804 /* Base */ = {isa = PBXFileReference; lastKnownFileType = file.storyboard; name = Base; path = Base.lproj/Main.storyboard; sourceTree = "<group>"; };
		DEB56CBE1FFC1C22004B3804 /* Assets.xcassets */ = {isa = PBXFileReference; lastKnownFileType = folder.assetcatalog; path = Assets.xcassets; sourceTree = "<group>"; };
		DEB56CC11FFC1C22004B3804 /* Base */ = {isa = PBXFileReference; lastKnownFileType = file.storyboard; name = Base; path = Base.lproj/LaunchScreen.storyboard; sourceTree = "<group>"; };
		DEB56CC31FFC1C22004B3804 /* Info.plist */ = {isa = PBXFileReference; lastKnownFileType = text.plist.xml; path = Info.plist; sourceTree = "<group>"; };
		DEB56CC91FFC1DBD004B3804 /* GoogleService-Info.plist */ = {isa = PBXFileReference; fileEncoding = 4; lastKnownFileType = text.plist.xml; path = "GoogleService-Info.plist"; sourceTree = "<group>"; };
		E557E48FBC6F34A92B383F9F /* Pods-Snapchat.release.xcconfig */ = {isa = PBXFileReference; includeInIndex = 1; lastKnownFileType = text.xcconfig; name = "Pods-Snapchat.release.xcconfig"; path = "Pods/Target Support Files/Pods-Snapchat/Pods-Snapchat.release.xcconfig"; sourceTree = "<group>"; };
/* End PBXFileReference section */

/* Begin PBXFrameworksBuildPhase section */
		DEB56CB11FFC1C21004B3804 /* Frameworks */ = {
			isa = PBXFrameworksBuildPhase;
			buildActionMask = 2147483647;
			files = (
				CB7B817225F8FADA07519CDA /* Pods_Snapchat.framework in Frameworks */,
			);
			runOnlyForDeploymentPostprocessing = 0;
		};
/* End PBXFrameworksBuildPhase section */

/* Begin PBXGroup section */
		9F8CC32232A821BDF807BCB7 /* Pods */ = {
			isa = PBXGroup;
			children = (
				443E76938123F981DE862CF9 /* Pods-Snapchat.debug.xcconfig */,
				E557E48FBC6F34A92B383F9F /* Pods-Snapchat.release.xcconfig */,
			);
			name = Pods;
			sourceTree = "<group>";
		};
		DE90D8891FFED4910031B8AE /* View Controllers */ = {
			isa = PBXGroup;
			children = (
				DEB56CB91FFC1C22004B3804 /* SignInViewController.swift */,
				DE90D8811FFEA4240031B8AE /* SnapsViewController.swift */,
				DE90D8831FFEA6150031B8AE /* PictureViewController.swift */,
				DE90D8851FFEC8240031B8AE /* SelectUserViewController.swift */,
				DE9F487B200038D900753F32 /* ViewSnapViewController.swift */,
			);
			path = "View Controllers";
			sourceTree = "<group>";
		};
		DE90D88A1FFED4A30031B8AE /* Models */ = {
			isa = PBXGroup;
			children = (
				DE90D8871FFED46F0031B8AE /* User.swift */,
				DE90D88B200032A20031B8AE /* Snap.swift */,
			);
			path = Models;
			sourceTree = "<group>";
		};
		DEB56CAB1FFC1C21004B3804 = {
			isa = PBXGroup;
			children = (
				DEB56CB61FFC1C21004B3804 /* Snapchat */,
				DEB56CB51FFC1C21004B3804 /* Products */,
				9F8CC32232A821BDF807BCB7 /* Pods */,
				FE158915A65C782B65ECA860 /* Frameworks */,
			);
			sourceTree = "<group>";
		};
		DEB56CB51FFC1C21004B3804 /* Products */ = {
			isa = PBXGroup;
			children = (
				DEB56CB41FFC1C21004B3804 /* Snapchat.app */,
			);
			name = Products;
			sourceTree = "<group>";
		};
		DEB56CB61FFC1C21004B3804 /* Snapchat */ = {
			isa = PBXGroup;
			children = (
				DE90D8891FFED4910031B8AE /* View Controllers */,
				DE90D88A1FFED4A30031B8AE /* Models */,
				DEB56CB71FFC1C22004B3804 /* AppDelegate.swift */,
				DEB56CBB1FFC1C22004B3804 /* Main.storyboard */,
				DEB56CBE1FFC1C22004B3804 /* Assets.xcassets */,
				DEB56CC01FFC1C22004B3804 /* LaunchScreen.storyboard */,
				DEB56CC31FFC1C22004B3804 /* Info.plist */,
				DEB56CC91FFC1DBD004B3804 /* GoogleService-Info.plist */,
			);
			path = Snapchat;
			sourceTree = "<group>";
		};
		FE158915A65C782B65ECA860 /* Frameworks */ = {
			isa = PBXGroup;
			children = (
				8BCC20EFE4D9FDE393881501 /* Pods_Snapchat.framework */,
			);
			name = Frameworks;
			sourceTree = "<group>";
		};
/* End PBXGroup section */

/* Begin PBXNativeTarget section */
		DEB56CB31FFC1C21004B3804 /* Snapchat */ = {
			isa = PBXNativeTarget;
			buildConfigurationList = DEB56CC61FFC1C22004B3804 /* Build configuration list for PBXNativeTarget "Snapchat" */;
			buildPhases = (
				F54663EF1F2C476F939CE881 /* [CP] Check Pods Manifest.lock */,
				DEB56CB01FFC1C21004B3804 /* Sources */,
				DEB56CB11FFC1C21004B3804 /* Frameworks */,
				DEB56CB21FFC1C21004B3804 /* Resources */,
				0ECC6F00CB7CA66BCD0CB9E5 /* [CP] Embed Pods Frameworks */,
				C9D9228359C0EA190B7698B8 /* [CP] Copy Pods Resources */,
			);
			buildRules = (
			);
			dependencies = (
			);
			name = Snapchat;
			productName = Snapchat;
			productReference = DEB56CB41FFC1C21004B3804 /* Snapchat.app */;
			productType = "com.apple.product-type.application";
		};
/* End PBXNativeTarget section */

/* Begin PBXProject section */
		DEB56CAC1FFC1C21004B3804 /* Project object */ = {
			isa = PBXProject;
			attributes = {
				LastSwiftUpdateCheck = 0920;
				LastUpgradeCheck = 0920;
				ORGANIZATIONNAME = "Brent Scarbrough";
				TargetAttributes = {
					DEB56CB31FFC1C21004B3804 = {
						CreatedOnToolsVersion = 9.2;
						ProvisioningStyle = Automatic;
					};
				};
			};
			buildConfigurationList = DEB56CAF1FFC1C21004B3804 /* Build configuration list for PBXProject "Snapchat" */;
			compatibilityVersion = "Xcode 8.0";
			developmentRegion = en;
			hasScannedForEncodings = 0;
			knownRegions = (
				en,
				Base,
			);
			mainGroup = DEB56CAB1FFC1C21004B3804;
			productRefGroup = DEB56CB51FFC1C21004B3804 /* Products */;
			projectDirPath = "";
			projectRoot = "";
			targets = (
				DEB56CB31FFC1C21004B3804 /* Snapchat */,
			);
		};
/* End PBXProject section */

/* Begin PBXResourcesBuildPhase section */
		DEB56CB21FFC1C21004B3804 /* Resources */ = {
			isa = PBXResourcesBuildPhase;
			buildActionMask = 2147483647;
			files = (
				DEB56CC21FFC1C22004B3804 /* LaunchScreen.storyboard in Resources */,
				DEB56CCA1FFC1DBE004B3804 /* GoogleService-Info.plist in Resources */,
				DEB56CBF1FFC1C22004B3804 /* Assets.xcassets in Resources */,
				DEB56CBD1FFC1C22004B3804 /* Main.storyboard in Resources */,
			);
			runOnlyForDeploymentPostprocessing = 0;
		};
/* End PBXResourcesBuildPhase section */

/* Begin PBXShellScriptBuildPhase section */
		0ECC6F00CB7CA66BCD0CB9E5 /* [CP] Embed Pods Frameworks */ = {
			isa = PBXShellScriptBuildPhase;
			buildActionMask = 2147483647;
			files = (
			);
			inputPaths = (
				"${SRCROOT}/Pods/Target Support Files/Pods-Snapchat/Pods-Snapchat-frameworks.sh",
				"${BUILT_PRODUCTS_DIR}/GTMSessionFetcher/GTMSessionFetcher.framework",
				"${BUILT_PRODUCTS_DIR}/GoogleToolboxForMac/GoogleToolboxForMac.framework",
				"${BUILT_PRODUCTS_DIR}/SDWebImage/SDWebImage.framework",
				"${BUILT_PRODUCTS_DIR}/leveldb-library/leveldb.framework",
				"${BUILT_PRODUCTS_DIR}/nanopb/nanopb.framework",
			);
			name = "[CP] Embed Pods Frameworks";
			outputPaths = (
				"${TARGET_BUILD_DIR}/${FRAMEWORKS_FOLDER_PATH}/GTMSessionFetcher.framework",
				"${TARGET_BUILD_DIR}/${FRAMEWORKS_FOLDER_PATH}/GoogleToolboxForMac.framework",
				"${TARGET_BUILD_DIR}/${FRAMEWORKS_FOLDER_PATH}/SDWebImage.framework",
				"${TARGET_BUILD_DIR}/${FRAMEWORKS_FOLDER_PATH}/leveldb.framework",
				"${TARGET_BUILD_DIR}/${FRAMEWORKS_FOLDER_PATH}/nanopb.framework",
			);
			runOnlyForDeploymentPostprocessing = 0;
			shellPath = /bin/sh;
			shellScript = "\"${SRCROOT}/Pods/Target Support Files/Pods-Snapchat/Pods-Snapchat-frameworks.sh\"\n";
			showEnvVarsInLog = 0;
		};
		C9D9228359C0EA190B7698B8 /* [CP] Copy Pods Resources */ = {
			isa = PBXShellScriptBuildPhase;
			buildActionMask = 2147483647;
			files = (
			);
			inputPaths = (
			);
			name = "[CP] Copy Pods Resources";
			outputPaths = (
			);
			runOnlyForDeploymentPostprocessing = 0;
			shellPath = /bin/sh;
			shellScript = "\"${SRCROOT}/Pods/Target Support Files/Pods-Snapchat/Pods-Snapchat-resources.sh\"\n";
			showEnvVarsInLog = 0;
		};
		F54663EF1F2C476F939CE881 /* [CP] Check Pods Manifest.lock */ = {
			isa = PBXShellScriptBuildPhase;
			buildActionMask = 2147483647;
			files = (
			);
			inputPaths = (
				"${PODS_PODFILE_DIR_PATH}/Podfile.lock",
				"${PODS_ROOT}/Manifest.lock",
			);
			name = "[CP] Check Pods Manifest.lock";
			outputPaths = (
				"$(DERIVED_FILE_DIR)/Pods-Snapchat-checkManifestLockResult.txt",
			);
			runOnlyForDeploymentPostprocessing = 0;
			shellPath = /bin/sh;
			shellScript = "diff \"${PODS_PODFILE_DIR_PATH}/Podfile.lock\" \"${PODS_ROOT}/Manifest.lock\" > /dev/null\nif [ $? != 0 ] ; then\n    # print error to STDERR\n    echo \"error: The sandbox is not in sync with the Podfile.lock. Run 'pod install' or update your CocoaPods installation.\" >&2\n    exit 1\nfi\n# This output is used by Xcode 'outputs' to avoid re-running this script phase.\necho \"SUCCESS\" > \"${SCRIPT_OUTPUT_FILE_0}\"\n";
			showEnvVarsInLog = 0;
		};
/* End PBXShellScriptBuildPhase section */

/* Begin PBXSourcesBuildPhase section */
		DEB56CB01FFC1C21004B3804 /* Sources */ = {
			isa = PBXSourcesBuildPhase;
			buildActionMask = 2147483647;
			files = (
				DEB56CBA1FFC1C22004B3804 /* SignInViewController.swift in Sources */,
				DE90D8841FFEA6150031B8AE /* PictureViewController.swift in Sources */,
				DE90D8881FFED46F0031B8AE /* User.swift in Sources */,
				DE9F487C200038D900753F32 /* ViewSnapViewController.swift in Sources */,
				DE90D8861FFEC8240031B8AE /* SelectUserViewController.swift in Sources */,
				DE90D88C200032A20031B8AE /* Snap.swift in Sources */,
				DEB56CB81FFC1C22004B3804 /* AppDelegate.swift in Sources */,
				DE90D8821FFEA4240031B8AE /* SnapsViewController.swift in Sources */,
			);
			runOnlyForDeploymentPostprocessing = 0;
		};
/* End PBXSourcesBuildPhase section */

/* Begin PBXVariantGroup section */
		DEB56CBB1FFC1C22004B3804 /* Main.storyboard */ = {
			isa = PBXVariantGroup;
			children = (
				DEB56CBC1FFC1C22004B3804 /* Base */,
			);
			name = Main.storyboard;
			sourceTree = "<group>";
		};
		DEB56CC01FFC1C22004B3804 /* LaunchScreen.storyboard */ = {
			isa = PBXVariantGroup;
			children = (
				DEB56CC11FFC1C22004B3804 /* Base */,
			);
			name = LaunchScreen.storyboard;
			sourceTree = "<group>";
		};
/* End PBXVariantGroup section */

/* Begin XCBuildConfiguration section */
		DEB56CC41FFC1C22004B3804 /* Debug */ = {
			isa = XCBuildConfiguration;
			buildSettings = {
				ALWAYS_SEARCH_USER_PATHS = NO;
				CLANG_ANALYZER_NONNULL = YES;
				CLANG_ANALYZER_NUMBER_OBJECT_CONVERSION = YES_AGGRESSIVE;
				CLANG_CXX_LANGUAGE_STANDARD = "gnu++14";
				CLANG_CXX_LIBRARY = "libc++";
				CLANG_ENABLE_MODULES = YES;
				CLANG_ENABLE_OBJC_ARC = YES;
				CLANG_WARN_BLOCK_CAPTURE_AUTORELEASING = YES;
				CLANG_WARN_BOOL_CONVERSION = YES;
				CLANG_WARN_COMMA = YES;
				CLANG_WARN_CONSTANT_CONVERSION = YES;
				CLANG_WARN_DIRECT_OBJC_ISA_USAGE = YES_ERROR;
				CLANG_WARN_DOCUMENTATION_COMMENTS = YES;
				CLANG_WARN_EMPTY_BODY = YES;
				CLANG_WARN_ENUM_CONVERSION = YES;
				CLANG_WARN_INFINITE_RECURSION = YES;
				CLANG_WARN_INT_CONVERSION = YES;
				CLANG_WARN_NON_LITERAL_NULL_CONVERSION = YES;
				CLANG_WARN_OBJC_LITERAL_CONVERSION = YES;
				CLANG_WARN_OBJC_ROOT_CLASS = YES_ERROR;
				CLANG_WARN_RANGE_LOOP_ANALYSIS = YES;
				CLANG_WARN_STRICT_PROTOTYPES = YES;
				CLANG_WARN_SUSPICIOUS_MOVE = YES;
				CLANG_WARN_UNGUARDED_AVAILABILITY = YES_AGGRESSIVE;
				CLANG_WARN_UNREACHABLE_CODE = YES;
				CLANG_WARN__DUPLICATE_METHOD_MATCH = YES;
				CODE_SIGN_IDENTITY = "iPhone Developer";
				COPY_PHASE_STRIP = NO;
				DEBUG_INFORMATION_FORMAT = dwarf;
				ENABLE_STRICT_OBJC_MSGSEND = YES;
				ENABLE_TESTABILITY = YES;
				GCC_C_LANGUAGE_STANDARD = gnu11;
				GCC_DYNAMIC_NO_PIC = NO;
				GCC_NO_COMMON_BLOCKS = YES;
				GCC_OPTIMIZATION_LEVEL = 0;
				GCC_PREPROCESSOR_DEFINITIONS = (
					"DEBUG=1",
					"$(inherited)",
				);
				GCC_WARN_64_TO_32_BIT_CONVERSION = YES;
				GCC_WARN_ABOUT_RETURN_TYPE = YES_ERROR;
				GCC_WARN_UNDECLARED_SELECTOR = YES;
				GCC_WARN_UNINITIALIZED_AUTOS = YES_AGGRESSIVE;
				GCC_WARN_UNUSED_FUNCTION = YES;
				GCC_WARN_UNUSED_VARIABLE = YES;
				IPHONEOS_DEPLOYMENT_TARGET = 11.2;
				MTL_ENABLE_DEBUG_INFO = YES;
				ONLY_ACTIVE_ARCH = YES;
				SDKROOT = iphoneos;
				SWIFT_ACTIVE_COMPILATION_CONDITIONS = DEBUG;
				SWIFT_OPTIMIZATION_LEVEL = "-Onone";
			};
			name = Debug;
		};
		DEB56CC51FFC1C22004B3804 /* Release */ = {
			isa = XCBuildConfiguration;
			buildSettings = {
				ALWAYS_SEARCH_USER_PATHS = NO;
				CLANG_ANALYZER_NONNULL = YES;
				CLANG_ANALYZER_NUMBER_OBJECT_CONVERSION = YES_AGGRESSIVE;
				CLANG_CXX_LANGUAGE_STANDARD = "gnu++14";
				CLANG_CXX_LIBRARY = "libc++";
				CLANG_ENABLE_MODULES = YES;
				CLANG_ENABLE_OBJC_ARC = YES;
				CLANG_WARN_BLOCK_CAPTURE_AUTORELEASING = YES;
				CLANG_WARN_BOOL_CONVERSION = YES;
				CLANG_WARN_COMMA = YES;
				CLANG_WARN_CONSTANT_CONVERSION = YES;
				CLANG_WARN_DIRECT_OBJC_ISA_USAGE = YES_ERROR;
				CLANG_WARN_DOCUMENTATION_COMMENTS = YES;
				CLANG_WARN_EMPTY_BODY = YES;
				CLANG_WARN_ENUM_CONVERSION = YES;
				CLANG_WARN_INFINITE_RECURSION = YES;
				CLANG_WARN_INT_CONVERSION = YES;
				CLANG_WARN_NON_LITERAL_NULL_CONVERSION = YES;
				CLANG_WARN_OBJC_LITERAL_CONVERSION = YES;
				CLANG_WARN_OBJC_ROOT_CLASS = YES_ERROR;
				CLANG_WARN_RANGE_LOOP_ANALYSIS = YES;
				CLANG_WARN_STRICT_PROTOTYPES = YES;
				CLANG_WARN_SUSPICIOUS_MOVE = YES;
				CLANG_WARN_UNGUARDED_AVAILABILITY = YES_AGGRESSIVE;
				CLANG_WARN_UNREACHABLE_CODE = YES;
				CLANG_WARN__DUPLICATE_METHOD_MATCH = YES;
				CODE_SIGN_IDENTITY = "iPhone Developer";
				COPY_PHASE_STRIP = NO;
				DEBUG_INFORMATION_FORMAT = "dwarf-with-dsym";
				ENABLE_NS_ASSERTIONS = NO;
				ENABLE_STRICT_OBJC_MSGSEND = YES;
				GCC_C_LANGUAGE_STANDARD = gnu11;
				GCC_NO_COMMON_BLOCKS = YES;
				GCC_WARN_64_TO_32_BIT_CONVERSION = YES;
				GCC_WARN_ABOUT_RETURN_TYPE = YES_ERROR;
				GCC_WARN_UNDECLARED_SELECTOR = YES;
				GCC_WARN_UNINITIALIZED_AUTOS = YES_AGGRESSIVE;
				GCC_WARN_UNUSED_FUNCTION = YES;
				GCC_WARN_UNUSED_VARIABLE = YES;
				IPHONEOS_DEPLOYMENT_TARGET = 11.2;
				MTL_ENABLE_DEBUG_INFO = NO;
				SDKROOT = iphoneos;
				SWIFT_OPTIMIZATION_LEVEL = "-Owholemodule";
				VALIDATE_PRODUCT = YES;
			};
			name = Release;
		};
		DEB56CC71FFC1C22004B3804 /* Debug */ = {
			isa = XCBuildConfiguration;
			baseConfigurationReference = 443E76938123F981DE862CF9 /* Pods-Snapchat.debug.xcconfig */;
			buildSettings = {
				ASSETCATALOG_COMPILER_APPICON_NAME = AppIcon;
				CODE_SIGN_STYLE = Automatic;
				DEVELOPMENT_TEAM = 6RRW93BRUP;
				INFOPLIST_FILE = Snapchat/Info.plist;
				LD_RUNPATH_SEARCH_PATHS = "$(inherited) @executable_path/Frameworks";
				PRODUCT_BUNDLE_IDENTIFIER = "Most-Valuable-Pint.Snapchat";
				PRODUCT_NAME = "$(TARGET_NAME)";
				SWIFT_VERSION = 4.0;
				TARGETED_DEVICE_FAMILY = "1,2";
			};
			name = Debug;
		};
		DEB56CC81FFC1C22004B3804 /* Release */ = {
			isa = XCBuildConfiguration;
			baseConfigurationReference = E557E48FBC6F34A92B383F9F /* Pods-Snapchat.release.xcconfig */;
			buildSettings = {
				ASSETCATALOG_COMPILER_APPICON_NAME = AppIcon;
				CODE_SIGN_STYLE = Automatic;
				DEVELOPMENT_TEAM = 6RRW93BRUP;
				INFOPLIST_FILE = Snapchat/Info.plist;
				LD_RUNPATH_SEARCH_PATHS = "$(inherited) @executable_path/Frameworks";
				PRODUCT_BUNDLE_IDENTIFIER = "Most-Valuable-Pint.Snapchat";
				PRODUCT_NAME = "$(TARGET_NAME)";
				SWIFT_VERSION = 4.0;
				TARGETED_DEVICE_FAMILY = "1,2";
			};
			name = Release;
		};
/* End XCBuildConfiguration section */

/* Begin XCConfigurationList section */
		DEB56CAF1FFC1C21004B3804 /* Build configuration list for PBXProject "Snapchat" */ = {
			isa = XCConfigurationList;
			buildConfigurations = (
				DEB56CC41FFC1C22004B3804 /* Debug */,
				DEB56CC51FFC1C22004B3804 /* Release */,
			);
			defaultConfigurationIsVisible = 0;
			defaultConfigurationName = Release;
		};
		DEB56CC61FFC1C22004B3804 /* Build configuration list for PBXNativeTarget "Snapchat" */ = {
			isa = XCConfigurationList;
			buildConfigurations = (
				DEB56CC71FFC1C22004B3804 /* Debug */,
				DEB56CC81FFC1C22004B3804 /* Release */,
			);
			defaultConfigurationIsVisible = 0;
			defaultConfigurationName = Release;
		};
/* End XCConfigurationList section */
	};
	rootObject = DEB56CAC1FFC1C21004B3804 /* Project object */;
}
